{
  "nodes": {
    "flakeNimbleLib": {
      "inputs": {
        "nixpkgs": [
          "nixpkgs"
        ]
      },
      "locked": {
        "lastModified": 1648105061,
        "narHash": "sha256-Je25qNlH4xrH3+m6vIq6yPvdfQ80FRTwX4JOhrRLduc=",
        "owner": "riinr",
        "repo": "nim-flakes-lib",
        "rev": "f1ec5e2f15b9f717c33b6942ce7cb344ff868522",
        "type": "github"
      },
      "original": {
        "owner": "riinr",
        "ref": "master",
        "repo": "nim-flakes-lib",
        "type": "github"
      }
    },
    "nixpkgs": {
      "locked": {
        "narHash": "sha256-7sWpWRO0IsBP5jm9qCrpuzDkWC7UAghiCmZZ+1uqHKo=",
        "path": "/nix/store/q2jrkx5a3z6yxzbfai0kxpnqki80jm3l-source",
        "type": "path"
      },
      "original": {
        "id": "nixpkgs",
        "type": "indirect"
      }
    },
    "root": {
      "inputs": {
        "flakeNimbleLib": "flakeNimbleLib",
        "nixpkgs": "nixpkgs",
        "src-toktok-main": "src-toktok-main"
      }
    },
    "src-toktok-main": {
      "flake": false,
      "locked": {
        "lastModified": 1652211318,
        "narHash": "sha256-b3UdFeMdaFG7/tQOo8HUlOlA5gTDuLgxF1kB4uF+Ihg=",
        "owner": "openpeep",
        "repo": "toktok",
        "rev": "b390e63dd5ee84c70b90fcd339a50cc4a7e65334",
        "type": "github"
      },
      "original": {
        "owner": "openpeep",
        "ref": "refs/heads/main",
        "repo": "toktok",
        "type": "github"
      }
    }
  },
  "root": "root",
  "version": 7
}
